
Microsoft Visual Studio Solution File, Format Version 12.00
# Visual Studio Version 17
VisualStudioVersion = 17.10.34916.146
MinimumVisualStudioVersion = 10.0.40219.1
Project("{8BC9CEB8-8B4A-11D0-8D11-00A0C91BC942}") = "net", "net\net.vcxproj", "{BA1DF79A-8A17-422F-B9D6-A336F7B8EDF4}"
EndProject
Project("{2150E333-8FDC-42A3-9474-1A3956D46DE8}") = "common_inc", "common_inc", "{A1DAFFFA-D84A-407D-A181-2C734B03296E}"
	ProjectSection(SolutionItems) = preProject
		common_inc\non_copyable.hpp = common_inc\non_copyable.hpp
	EndProjectSection
EndProject
Project("{8BC9CEB8-8B4A-11D0-8D11-00A0C91BC942}") = "test", "test\test.vcxproj", "{631CCD7D-DA16-4149-8971-A3BA36A69B81}"
EndProject
Global
	GlobalSection(SolutionConfigurationPlatforms) = preSolution
		Debug|x64 = Debug|x64
		Debug|x86 = Debug|x86
		Release|x64 = Release|x64
		Release|x86 = Release|x86
	EndGlobalSection
	GlobalSection(ProjectConfigurationPlatforms) = postSolution
		{BA1DF79A-8A17-422F-B9D6-A336F7B8EDF4}.Debug|x64.ActiveCfg = Debug|x64
		{BA1DF79A-8A17-422F-B9D6-A336F7B8EDF4}.Debug|x64.Build.0 = Debug|x64
		{BA1DF79A-8A17-422F-B9D6-A336F7B8EDF4}.Debug|x86.ActiveCfg = Debug|Win32
		{BA1DF79A-8A17-422F-B9D6-A336F7B8EDF4}.Debug|x86.Build.0 = Debug|Win32
		{BA1DF79A-8A17-422F-B9D6-A336F7B8EDF4}.Release|x64.ActiveCfg = Release|x64
		{BA1DF79A-8A17-422F-B9D6-A336F7B8EDF4}.Release|x64.Build.0 = Release|x64
		{BA1DF79A-8A17-422F-B9D6-A336F7B8EDF4}.Release|x86.ActiveCfg = Release|Win32
		{BA1DF79A-8A17-422F-B9D6-A336F7B8EDF4}.Release|x86.Build.0 = Release|Win32
		{631CCD7D-DA16-4149-8971-A3BA36A69B81}.Debug|x64.ActiveCfg = Debug|x64
		{631CCD7D-DA16-4149-8971-A3BA36A69B81}.Debug|x64.Build.0 = Debug|x64
		{631CCD7D-DA16-4149-8971-A3BA36A69B81}.Debug|x86.ActiveCfg = Debug|Win32
		{631CCD7D-DA16-4149-8971-A3BA36A69B81}.Debug|x86.Build.0 = Debug|Win32
		{631CCD7D-DA16-4149-8971-A3BA36A69B81}.Release|x64.ActiveCfg = Release|x64
		{631CCD7D-DA16-4149-8971-A3BA36A69B81}.Release|x64.Build.0 = Release|x64
		{631CCD7D-DA16-4149-8971-A3BA36A69B81}.Release|x86.ActiveCfg = Release|Win32
		{631CCD7D-DA16-4149-8971-A3BA36A69B81}.Release|x86.Build.0 = Release|Win32
	EndGlobalSection
	GlobalSection(SolutionProperties) = preSolution
		HideSolutionNode = FALSE
	EndGlobalSection
	GlobalSection(ExtensibilityGlobals) = postSolution
		SolutionGuid = {C5F46196-F70E-4EAC-B439-F3202C3EB573}
	EndGlobalSection
EndGlobal
