<?xml version="1.0" encoding="utf-8"?>
<Project ToolsVersion="4.0" xmlns="http://schemas.microsoft.com/developer/msbuild/2003">
  <ItemGroup>
    <Filter Include="inc">
      <UniqueIdentifier>{8e4bdf05-9c04-4603-9f0e-b09bd3ee1310}</UniqueIdentifier>
    </Filter>
    <Filter Include="src">
      <UniqueIdentifier>{a51ca78f-5470-4fe4-a539-5587e3158aee}</UniqueIdentifier>
    </Filter>
  </ItemGroup>
  <ItemGroup>
    <ClInclude Include="inc\winsock_initializer.hpp">
      <Filter>inc</Filter>
    </ClInclude>
    <ClInclude Include="inc\net.hpp">
      <Filter>inc</Filter>
    </ClInclude>
    <ClInclude Include="inc\socket_base.hpp">
      <Filter>inc</Filter>
    </ClInclude>
    <ClInclude Include="inc\client_socket.hpp">
      <Filter>inc</Filter>
    </ClInclude>
    <ClInclude Include="inc\server_socket.hpp">
      <Filter>inc</Filter>
    </ClInclude>
    <ClInclude Include="inc\tcp_client.hpp">
      <Filter>inc</Filter>
    </ClInclude>
    <ClInclude Include="inc\tcp_server.hpp">
      <Filter>inc</Filter>
    </ClInclude>
    <ClInclude Include="inc\net_exception.hpp">
      <Filter>inc</Filter>
    </ClInclude>
  </ItemGroup>
  <ItemGroup>
    <ClCompile Include="src\net.cpp">
      <Filter>src</Filter>
    </ClCompile>
  </ItemGroup>
</Project>